
Microsoft Visual Studio Solution File, Format Version 12.00
# Visual Studio Version 17
VisualStudioVersion = 17.7.34024.191
MinimumVisualStudioVersion = 10.0.40219.1
Project("{FAE04EC0-301F-11D3-BF4B-00C04F79EFBC}") = "ConversorDeTemperatura", "ConversorDeTemperatura.csproj", "{1E1F227A-B142-4D9F-8AFA-2D6D0DEB1FF3}"
EndProject
Global
	GlobalSection(SolutionConfigurationPlatforms) = preSolution
		Debug|Any CPU = Debug|Any CPU
		Release|Any CPU = Release|Any CPU
	EndGlobalSection
	GlobalSection(ProjectConfigurationPlatforms) = postSolution
		{1E1F227A-B142-4D9F-8AFA-2D6D0DEB1FF3}.Debug|Any CPU.ActiveCfg = Debug|Any CPU
		{1E1F227A-B142-4D9F-8AFA-2D6D0DEB1FF3}.Debug|Any CPU.Build.0 = Debug|Any CPU
		{1E1F227A-B142-4D9F-8AFA-2D6D0DEB1FF3}.Release|Any CPU.ActiveCfg = Release|Any CPU
		{1E1F227A-B142-4D9F-8AFA-2D6D0DEB1FF3}.Release|Any CPU.Build.0 = Release|Any CPU
	EndGlobalSection
	GlobalSection(SolutionProperties) = preSolution
		HideSolutionNode = FALSE
	EndGlobalSection
	GlobalSection(ExtensibilityGlobals) = postSolution
		SolutionGuid = {0E462B67-A745-4600-B178-6CF5667B5761}
	EndGlobalSection
EndGlobal
